// !$*UTF8*$!
{
	archiveVersion = 1;
	classes = {
	};
	objectVersion = 51;
	objects = {

/* Begin PBXBuildFile section */
		4D5221392632E9230086516E /* CustomizeNavigateBar.swift in Sources */ = {isa = PBXBuildFile; fileRef = 4D5221382632E9230086516E /* CustomizeNavigateBar.swift */; };
		4D52BAA4262C389B002A95A6 /* Download.swift in Sources */ = {isa = PBXBuildFile; fileRef = 4D52BAA3262C389B002A95A6 /* Download.swift */; };
		4DAA99F2261D795600BCB857 /* CustomizeUITableViewCell.swift in Sources */ = {isa = PBXBuildFile; fileRef = 4DAA99F1261D795600BCB857 /* CustomizeUITableViewCell.swift */; };
		4DCB5E3E2611713900966DE1 /* AppDelegate.swift in Sources */ = {isa = PBXBuildFile; fileRef = 4DCB5E3D2611713900966DE1 /* AppDelegate.swift */; };
		4DCB5E452611713900966DE1 /* Main.storyboard in Resources */ = {isa = PBXBuildFile; fileRef = 4DCB5E432611713900966DE1 /* Main.storyboard */; };
		4DCB5E472611713B00966DE1 /* Assets.xcassets in Resources */ = {isa = PBXBuildFile; fileRef = 4DCB5E462611713B00966DE1 /* Assets.xcassets */; };
		4DCB5E4A2611713B00966DE1 /* LaunchScreen.storyboard in Resources */ = {isa = PBXBuildFile; fileRef = 4DCB5E482611713B00966DE1 /* LaunchScreen.storyboard */; };
		4DCB5E59261172FE00966DE1 /* MainPage.swift in Sources */ = {isa = PBXBuildFile; fileRef = 4DCB5E58261172FE00966DE1 /* MainPage.swift */; };
		4DCB5E5C261173CA00966DE1 /* ReadPage.swift in Sources */ = {isa = PBXBuildFile; fileRef = 4DCB5E5B261173C900966DE1 /* ReadPage.swift */; };
		8C0F8F4349B079A1212C2BCB /* Pods_ZhiHuDaily.framework in Frameworks */ = {isa = PBXBuildFile; fileRef = BD7D7D6D5A6FE48A8F50DD10 /* Pods_ZhiHuDaily.framework */; };
/* End PBXBuildFile section */

/* Begin PBXFileReference section */
		0EE887342445C693EC0CC150 /* Pods-ZhiHuDaily.debug.xcconfig */ = {isa = PBXFileReference; includeInIndex = 1; lastKnownFileType = text.xcconfig; name = "Pods-ZhiHuDaily.debug.xcconfig"; path = "Target Support Files/Pods-ZhiHuDaily/Pods-ZhiHuDaily.debug.xcconfig"; sourceTree = "<group>"; };
		4D5221382632E9230086516E /* CustomizeNavigateBar.swift */ = {isa = PBXFileReference; lastKnownFileType = sourcecode.swift; path = CustomizeNavigateBar.swift; sourceTree = "<group>"; };
		4D52BAA3262C389B002A95A6 /* Download.swift */ = {isa = PBXFileReference; lastKnownFileType = sourcecode.swift; path = Download.swift; sourceTree = "<group>"; };
		4DAA99F1261D795600BCB857 /* CustomizeUITableViewCell.swift */ = {isa = PBXFileReference; lastKnownFileType = sourcecode.swift; path = CustomizeUITableViewCell.swift; sourceTree = "<group>"; };
		4DCB5E3A2611713900966DE1 /* ZhiHuDaily.app */ = {isa = PBXFileReference; explicitFileType = wrapper.application; includeInIndex = 0; path = ZhiHuDaily.app; sourceTree = BUILT_PRODUCTS_DIR; };
		4DCB5E3D2611713900966DE1 /* AppDelegate.swift */ = {isa = PBXFileReference; lastKnownFileType = sourcecode.swift; path = AppDelegate.swift; sourceTree = "<group>"; };
		4DCB5E442611713900966DE1 /* Base */ = {isa = PBXFileReference; lastKnownFileType = file.storyboard; name = Base; path = Base.lproj/Main.storyboard; sourceTree = "<group>"; };
		4DCB5E462611713B00966DE1 /* Assets.xcassets */ = {isa = PBXFileReference; lastKnownFileType = folder.assetcatalog; path = Assets.xcassets; sourceTree = "<group>"; };
		4DCB5E492611713B00966DE1 /* Base */ = {isa = PBXFileReference; lastKnownFileType = file.storyboard; name = Base; path = Base.lproj/LaunchScreen.storyboard; sourceTree = "<group>"; };
		4DCB5E4B2611713B00966DE1 /* Info.plist */ = {isa = PBXFileReference; lastKnownFileType = text.plist.xml; path = Info.plist; sourceTree = "<group>"; };
		4DCB5E58261172FE00966DE1 /* MainPage.swift */ = {isa = PBXFileReference; lastKnownFileType = sourcecode.swift; path = MainPage.swift; sourceTree = "<group>"; };
		4DCB5E5B261173C900966DE1 /* ReadPage.swift */ = {isa = PBXFileReference; lastKnownFileType = sourcecode.swift; path = ReadPage.swift; sourceTree = "<group>"; };
		8A151B4D4D03305C90E60682 /* Pods-ZhiHuDaily.release.xcconfig */ = {isa = PBXFileReference; includeInIndex = 1; lastKnownFileType = text.xcconfig; name = "Pods-ZhiHuDaily.release.xcconfig"; path = "Target Support Files/Pods-ZhiHuDaily/Pods-ZhiHuDaily.release.xcconfig"; sourceTree = "<group>"; };
		BD7D7D6D5A6FE48A8F50DD10 /* Pods_ZhiHuDaily.framework */ = {isa = PBXFileReference; explicitFileType = wrapper.framework; includeInIndex = 0; path = Pods_ZhiHuDaily.framework; sourceTree = BUILT_PRODUCTS_DIR; };
/* End PBXFileReference section */

/* Begin PBXFrameworksBuildPhase section */
		4DCB5E372611713900966DE1 /* Frameworks */ = {
			isa = PBXFrameworksBuildPhase;
			buildActionMask = 2147483647;
			files = (
				8C0F8F4349B079A1212C2BCB /* Pods_ZhiHuDaily.framework in Frameworks */,
			);
			runOnlyForDeploymentPostprocessing = 0;
		};
/* End PBXFrameworksBuildPhase section */

/* Begin PBXGroup section */
		0B648D10F6D373DF9869C416 /* Pods */ = {
			isa = PBXGroup;
			children = (
				0EE887342445C693EC0CC150 /* Pods-ZhiHuDaily.debug.xcconfig */,
				8A151B4D4D03305C90E60682 /* Pods-ZhiHuDaily.release.xcconfig */,
			);
			path = Pods;
			sourceTree = "<group>";
		};
		4DCB5E312611713900966DE1 = {
			isa = PBXGroup;
			children = (
				4DCB5E3C2611713900966DE1 /* ZhiHuDaily */,
				4DCB5E3B2611713900966DE1 /* Products */,
				0B648D10F6D373DF9869C416 /* Pods */,
				7F671EA30A919E6A3AC727D7 /* Frameworks */,
			);
			sourceTree = "<group>";
		};
		4DCB5E3B2611713900966DE1 /* Products */ = {
			isa = PBXGroup;
			children = (
				4DCB5E3A2611713900966DE1 /* ZhiHuDaily.app */,
			);
			name = Products;
			sourceTree = "<group>";
		};
		4DCB5E3C2611713900966DE1 /* ZhiHuDaily */ = {
			isa = PBXGroup;
			children = (
				4DCB5E3D2611713900966DE1 /* AppDelegate.swift */,
				4DCB5E432611713900966DE1 /* Main.storyboard */,
				4DCB5E462611713B00966DE1 /* Assets.xcassets */,
				4DCB5E482611713B00966DE1 /* LaunchScreen.storyboard */,
				4DCB5E4B2611713B00966DE1 /* Info.plist */,
				4DCB5E58261172FE00966DE1 /* MainPage.swift */,
				4DCB5E5B261173C900966DE1 /* ReadPage.swift */,
				4DAA99F1261D795600BCB857 /* CustomizeUITableViewCell.swift */,
				4D52BAA3262C389B002A95A6 /* Download.swift */,
				4D5221382632E9230086516E /* CustomizeNavigateBar.swift */,
			);
			path = ZhiHuDaily;
			sourceTree = "<group>";
		};
		7F671EA30A919E6A3AC727D7 /* Frameworks */ = {
			isa = PBXGroup;
			children = (
				BD7D7D6D5A6FE48A8F50DD10 /* Pods_ZhiHuDaily.framework */,
			);
			name = Frameworks;
			sourceTree = "<group>";
		};
/* End PBXGroup section */

/* Begin PBXNativeTarget section */
		4DCB5E392611713900966DE1 /* ZhiHuDaily */ = {
			isa = PBXNativeTarget;
			buildConfigurationList = 4DCB5E4E2611713B00966DE1 /* Build configuration list for PBXNativeTarget "ZhiHuDaily" */;
			buildPhases = (
				6F864F33E506C40DA1BAFC4C /* [CP] Check Pods Manifest.lock */,
				4DCB5E362611713900966DE1 /* Sources */,
				4DCB5E372611713900966DE1 /* Frameworks */,
				4DCB5E382611713900966DE1 /* Resources */,
				0C10694DEA9B7F110C4830CA /* [CP] Embed Pods Frameworks */,
			);
			buildRules = (
			);
			dependencies = (
			);
			name = ZhiHuDaily;
			productName = ZhiHuDaily;
			productReference = 4DCB5E3A2611713900966DE1 /* ZhiHuDaily.app */;
			productType = "com.apple.product-type.application";
		};
/* End PBXNativeTarget section */

/* Begin PBXProject section */
		4DCB5E322611713900966DE1 /* Project object */ = {
			isa = PBXProject;
			attributes = {
				LastSwiftUpdateCheck = 1240;
				LastUpgradeCheck = 1240;
				TargetAttributes = {
					4DCB5E392611713900966DE1 = {
						CreatedOnToolsVersion = 12.4;
					};
				};
			};
			buildConfigurationList = 4DCB5E352611713900966DE1 /* Build configuration list for PBXProject "ZhiHuDaily" */;
			compatibilityVersion = "Xcode 9.3";
			developmentRegion = en;
			hasScannedForEncodings = 0;
			knownRegions = (
				en,
				Base,
			);
			mainGroup = 4DCB5E312611713900966DE1;
			productRefGroup = 4DCB5E3B2611713900966DE1 /* Products */;
			projectDirPath = "";
			projectRoot = "";
			targets = (
				4DCB5E392611713900966DE1 /* ZhiHuDaily */,
			);
		};
/* End PBXProject section */

/* Begin PBXResourcesBuildPhase section */
		4DCB5E382611713900966DE1 /* Resources */ = {
			isa = PBXResourcesBuildPhase;
			buildActionMask = 2147483647;
			files = (
				4DCB5E4A2611713B00966DE1 /* LaunchScreen.storyboard in Resources */,
				4DCB5E472611713B00966DE1 /* Assets.xcassets in Resources */,
				4DCB5E452611713900966DE1 /* Main.storyboard in Resources */,
			);
			runOnlyForDeploymentPostprocessing = 0;
		};
/* End PBXResourcesBuildPhase section */

/* Begin PBXShellScriptBuildPhase section */
		0C10694DEA9B7F110C4830CA /* [CP] Embed Pods Frameworks */ = {
			isa = PBXShellScriptBuildPhase;
			buildActionMask = 2147483647;
			files = (
			);
			inputFileListPaths = (
				"${PODS_ROOT}/Target Support Files/Pods-ZhiHuDaily/Pods-ZhiHuDaily-frameworks-${CONFIGURATION}-input-files.xcfilelist",
			);
			name = "[CP] Embed Pods Frameworks";
			outputFileListPaths = (
				"${PODS_ROOT}/Target Support Files/Pods-ZhiHuDaily/Pods-ZhiHuDaily-frameworks-${CONFIGURATION}-output-files.xcfilelist",
			);
			runOnlyForDeploymentPostprocessing = 0;
			shellPath = /bin/sh;
			shellScript = "\"${PODS_ROOT}/Target Support Files/Pods-ZhiHuDaily/Pods-ZhiHuDaily-frameworks.sh\"\n";
			showEnvVarsInLog = 0;
		};
		6F864F33E506C40DA1BAFC4C /* [CP] Check Pods Manifest.lock */ = {
			isa = PBXShellScriptBuildPhase;
			buildActionMask = 2147483647;
			files = (
			);
			inputFileListPaths = (
			);
			inputPaths = (
				"${PODS_PODFILE_DIR_PATH}/Podfile.lock",
				"${PODS_ROOT}/Manifest.lock",
			);
			name = "[CP] Check Pods Manifest.lock";
			outputFileListPaths = (
			);
			outputPaths = (
				"$(DERIVED_FILE_DIR)/Pods-ZhiHuDaily-checkManifestLockResult.txt",
			);
			runOnlyForDeploymentPostprocessing = 0;
			shellPath = /bin/sh;
			shellScript = "diff \"${PODS_PODFILE_DIR_PATH}/Podfile.lock\" \"${PODS_ROOT}/Manifest.lock\" > /dev/null\nif [ $? != 0 ] ; then\n    # print error to STDERR\n    echo \"error: The sandbox is not in sync with the Podfile.lock. Run 'pod install' or update your CocoaPods installation.\" >&2\n    exit 1\nfi\n# This output is used by Xcode 'outputs' to avoid re-running this script phase.\necho \"SUCCESS\" > \"${SCRIPT_OUTPUT_FILE_0}\"\n";
			showEnvVarsInLog = 0;
		};
/* End PBXShellScriptBuildPhase section */

/* Begin PBXSourcesBuildPhase section */
		4DCB5E362611713900966DE1 /* Sources */ = {
			isa = PBXSourcesBuildPhase;
			buildActionMask = 2147483647;
			files = (
				4DAA99F2261D795600BCB857 /* CustomizeUITableViewCell.swift in Sources */,
				4DCB5E3E2611713900966DE1 /* AppDelegate.swift in Sources */,
				4D5221392632E9230086516E /* CustomizeNavigateBar.swift in Sources */,
				4DCB5E5C261173CA00966DE1 /* ReadPage.swift in Sources */,
				4DCB5E59261172FE00966DE1 /* MainPage.swift in Sources */,
				4D52BAA4262C389B002A95A6 /* Download.swift in Sources */,
			);
			runOnlyForDeploymentPostprocessing = 0;
		};
/* End PBXSourcesBuildPhase section */

/* Begin PBXVariantGroup section */
		4DCB5E432611713900966DE1 /* Main.storyboard */ = {
			isa = PBXVariantGroup;
			children = (
				4DCB5E442611713900966DE1 /* Base */,
			);
			name = Main.storyboard;
			sourceTree = "<group>";
		};
		4DCB5E482611713B00966DE1 /* LaunchScreen.storyboard */ = {
			isa = PBXVariantGroup;
			children = (
				4DCB5E492611713B00966DE1 /* Base */,
			);
			name = LaunchScreen.storyboard;
			sourceTree = "<group>";
		};
/* End PBXVariantGroup section */

/* Begin XCBuildConfiguration section */
		4DCB5E4C2611713B00966DE1 /* Debug */ = {
			isa = XCBuildConfiguration;
			buildSettings = {
				ALWAYS_SEARCH_USER_PATHS = NO;
				CLANG_ANALYZER_NONNULL = YES;
				CLANG_ANALYZER_NUMBER_OBJECT_CONVERSION = YES_AGGRESSIVE;
				CLANG_CXX_LANGUAGE_STANDARD = "gnu++14";
				CLANG_CXX_LIBRARY = "libc++";
				CLANG_ENABLE_MODULES = YES;
				CLANG_ENABLE_OBJC_ARC = YES;
				CLANG_ENABLE_OBJC_WEAK = YES;
				CLANG_WARN_BLOCK_CAPTURE_AUTORELEASING = YES;
				CLANG_WARN_BOOL_CONVERSION = YES;
				CLANG_WARN_COMMA = YES;
				CLANG_WARN_CONSTANT_CONVERSION = YES;
				CLANG_WARN_DEPRECATED_OBJC_IMPLEMENTATIONS = YES;
				CLANG_WARN_DIRECT_OBJC_ISA_USAGE = YES_ERROR;
				CLANG_WARN_DOCUMENTATION_COMMENTS = YES;
				CLANG_WARN_EMPTY_BODY = YES;
				CLANG_WARN_ENUM_CONVERSION = YES;
				CLANG_WARN_INFINITE_RECURSION = YES;
				CLANG_WARN_INT_CONVERSION = YES;
				CLANG_WARN_NON_LITERAL_NULL_CONVERSION = YES;
				CLANG_WARN_OBJC_IMPLICIT_RETAIN_SELF = YES;
				CLANG_WARN_OBJC_LITERAL_CONVERSION = YES;
				CLANG_WARN_OBJC_ROOT_CLASS = YES_ERROR;
				CLANG_WARN_QUOTED_INCLUDE_IN_FRAMEWORK_HEADER = YES;
				CLANG_WARN_RANGE_LOOP_ANALYSIS = YES;
				CLANG_WARN_STRICT_PROTOTYPES = YES;
				CLANG_WARN_SUSPICIOUS_MOVE = YES;
				CLANG_WARN_UNGUARDED_AVAILABILITY = YES_AGGRESSIVE;
				CLANG_WARN_UNREACHABLE_CODE = YES;
				CLANG_WARN__DUPLICATE_METHOD_MATCH = YES;
				COPY_PHASE_STRIP = NO;
				DEBUG_INFORMATION_FORMAT = dwarf;
				ENABLE_STRICT_OBJC_MSGSEND = YES;
				ENABLE_TESTABILITY = YES;
				GCC_C_LANGUAGE_STANDARD = gnu11;
				GCC_DYNAMIC_NO_PIC = NO;
				GCC_NO_COMMON_BLOCKS = YES;
				GCC_OPTIMIZATION_LEVEL = 0;
				GCC_PREPROCESSOR_DEFINITIONS = (
					"DEBUG=1",
					"$(inherited)",
				);
				GCC_WARN_64_TO_32_BIT_CONVERSION = YES;
				GCC_WARN_ABOUT_RETURN_TYPE = YES_ERROR;
				GCC_WARN_UNDECLARED_SELECTOR = YES;
				GCC_WARN_UNINITIALIZED_AUTOS = YES_AGGRESSIVE;
				GCC_WARN_UNUSED_FUNCTION = YES;
				GCC_WARN_UNUSED_VARIABLE = YES;
				IPHONEOS_DEPLOYMENT_TARGET = 14.4;
				MTL_ENABLE_DEBUG_INFO = INCLUDE_SOURCE;
				MTL_FAST_MATH = YES;
				ONLY_ACTIVE_ARCH = YES;
				SDKROOT = iphoneos;
				SWIFT_ACTIVE_COMPILATION_CONDITIONS = DEBUG;
				SWIFT_OPTIMIZATION_LEVEL = "-Onone";
			};
			name = Debug;
		};
		4DCB5E4D2611713B00966DE1 /* Release */ = {
			isa = XCBuildConfiguration;
			buildSettings = {
				ALWAYS_SEARCH_USER_PATHS = NO;
				CLANG_ANALYZER_NONNULL = YES;
				CLANG_ANALYZER_NUMBER_OBJECT_CONVERSION = YES_AGGRESSIVE;
				CLANG_CXX_LANGUAGE_STANDARD = "gnu++14";
				CLANG_CXX_LIBRARY = "libc++";
				CLANG_ENABLE_MODULES = YES;
				CLANG_ENABLE_OBJC_ARC = YES;
				CLANG_ENABLE_OBJC_WEAK = YES;
				CLANG_WARN_BLOCK_CAPTURE_AUTORELEASING = YES;
				CLANG_WARN_BOOL_CONVERSION = YES;
				CLANG_WARN_COMMA = YES;
				CLANG_WARN_CONSTANT_CONVERSION = YES;
				CLANG_WARN_DEPRECATED_OBJC_IMPLEMENTATIONS = YES;
				CLANG_WARN_DIRECT_OBJC_ISA_USAGE = YES_ERROR;
				CLANG_WARN_DOCUMENTATION_COMMENTS = YES;
				CLANG_WARN_EMPTY_BODY = YES;
				CLANG_WARN_ENUM_CONVERSION = YES;
				CLANG_WARN_INFINITE_RECURSION = YES;
				CLANG_WARN_INT_CONVERSION = YES;
				CLANG_WARN_NON_LITERAL_NULL_CONVERSION = YES;
				CLANG_WARN_OBJC_IMPLICIT_RETAIN_SELF = YES;
				CLANG_WARN_OBJC_LITERAL_CONVERSION = YES;
				CLANG_WARN_OBJC_ROOT_CLASS = YES_ERROR;
				CLANG_WARN_QUOTED_INCLUDE_IN_FRAMEWORK_HEADER = YES;
				CLANG_WARN_RANGE_LOOP_ANALYSIS = YES;
				CLANG_WARN_STRICT_PROTOTYPES = YES;
				CLANG_WARN_SUSPICIOUS_MOVE = YES;
				CLANG_WARN_UNGUARDED_AVAILABILITY = YES_AGGRESSIVE;
				CLANG_WARN_UNREACHABLE_CODE = YES;
				CLANG_WARN__DUPLICATE_METHOD_MATCH = YES;
				COPY_PHASE_STRIP = NO;
				DEBUG_INFORMATION_FORMAT = "dwarf-with-dsym";
				ENABLE_NS_ASSERTIONS = NO;
				ENABLE_STRICT_OBJC_MSGSEND = YES;
				GCC_C_LANGUAGE_STANDARD = gnu11;
				GCC_NO_COMMON_BLOCKS = YES;
				GCC_WARN_64_TO_32_BIT_CONVERSION = YES;
				GCC_WARN_ABOUT_RETURN_TYPE = YES_ERROR;
				GCC_WARN_UNDECLARED_SELECTOR = YES;
				GCC_WARN_UNINITIALIZED_AUTOS = YES_AGGRESSIVE;
				GCC_WARN_UNUSED_FUNCTION = YES;
				GCC_WARN_UNUSED_VARIABLE = YES;
				IPHONEOS_DEPLOYMENT_TARGET = 14.4;
				MTL_ENABLE_DEBUG_INFO = NO;
				MTL_FAST_MATH = YES;
				SDKROOT = iphoneos;
				SWIFT_COMPILATION_MODE = wholemodule;
				SWIFT_OPTIMIZATION_LEVEL = "-O";
				VALIDATE_PRODUCT = YES;
			};
			name = Release;
		};
		4DCB5E4F2611713B00966DE1 /* Debug */ = {
			isa = XCBuildConfiguration;
			baseConfigurationReference = 0EE887342445C693EC0CC150 /* Pods-ZhiHuDaily.debug.xcconfig */;
			buildSettings = {
				ASSETCATALOG_COMPILER_APPICON_NAME = AppIcon;
				ASSETCATALOG_COMPILER_GLOBAL_ACCENT_COLOR_NAME = AccentColor;
				CODE_SIGN_STYLE = Automatic;
				DEVELOPMENT_TEAM = 4NYH5TAP73;
				INFOPLIST_FILE = ZhiHuDaily/Info.plist;
				IPHONEOS_DEPLOYMENT_TARGET = 14.5;
				LD_RUNPATH_SEARCH_PATHS = (
					"$(inherited)",
					"@executable_path/Frameworks",
				);
				PRODUCT_BUNDLE_IDENTIFIER = syx.ZhiHuDaily;
				PRODUCT_NAME = "$(TARGET_NAME)";
				SWIFT_VERSION = 5.0;
				TARGETED_DEVICE_FAMILY = "1,2";
			};
			name = Debug;
		};
		4DCB5E502611713B00966DE1 /* Release */ = {
			isa = XCBuildConfiguration;
			baseConfigurationReference = 8A151B4D4D03305C90E60682 /* Pods-ZhiHuDaily.release.xcconfig */;
			buildSettings = {
				ASSETCATALOG_COMPILER_APPICON_NAME = AppIcon;
				ASSETCATALOG_COMPILER_GLOBAL_ACCENT_COLOR_NAME = AccentColor;
				CODE_SIGN_STYLE = Automatic;
				DEVELOPMENT_TEAM = 4NYH5TAP73;
				INFOPLIST_FILE = ZhiHuDaily/Info.plist;
				IPHONEOS_DEPLOYMENT_TARGET = 14.5;
				LD_RUNPATH_SEARCH_PATHS = (
					"$(inherited)",
					"@executable_path/Frameworks",
				);
				PRODUCT_BUNDLE_IDENTIFIER = syx.ZhiHuDaily;
				PRODUCT_NAME = "$(TARGET_NAME)";
				SWIFT_VERSION = 5.0;
				TARGETED_DEVICE_FAMILY = "1,2";
			};
			name = Release;
		};
/* End XCBuildConfiguration section */

/* Begin XCConfigurationList section */
		4DCB5E352611713900966DE1 /* Build configuration list for PBXProject "ZhiHuDaily" */ = {
			isa = XCConfigurationList;
			buildConfigurations = (
				4DCB5E4C2611713B00966DE1 /* Debug */,
				4DCB5E4D2611713B00966DE1 /* Release */,
			);
			defaultConfigurationIsVisible = 0;
			defaultConfigurationName = Release;
		};
		4DCB5E4E2611713B00966DE1 /* Build configuration list for PBXNativeTarget "ZhiHuDaily" */ = {
			isa = XCConfigurationList;
			buildConfigurations = (
				4DCB5E4F2611713B00966DE1 /* Debug */,
				4DCB5E502611713B00966DE1 /* Release */,
			);
			defaultConfigurationIsVisible = 0;
			defaultConfigurationName = Release;
		};
/* End XCConfigurationList section */
	};
	rootObject = 4DCB5E322611713900966DE1 /* Project object */;
}
